
Microsoft Visual Studio Solution File, Format Version 12.00
# Visual Studio Version 17
VisualStudioVersion = 17.5.33516.290
MinimumVisualStudioVersion = 10.0.40219.1
Project("{FAE04EC0-301F-11D3-BF4B-00C04F79EFBC}") = "WebAPI", "WebAPI\WebAPI.csproj", "{0556AF3E-7EED-4B79-898F-69967E465770}"
EndProject
Global
	GlobalSection(SolutionConfigurationPlatforms) = preSolution
		Debug|Any CPU = Debug|Any CPU
		Release|Any CPU = Release|Any CPU
	EndGlobalSection
	GlobalSection(ProjectConfigurationPlatforms) = postSolution
		{0556AF3E-7EED-4B79-898F-69967E465770}.Debug|Any CPU.ActiveCfg = Debug|Any CPU
		{0556AF3E-7EED-4B79-898F-69967E465770}.Debug|Any CPU.Build.0 = Debug|Any CPU
		{0556AF3E-7EED-4B79-898F-69967E465770}.Release|Any CPU.ActiveCfg = Release|Any CPU
		{0556AF3E-7EED-4B79-898F-69967E465770}.Release|Any CPU.Build.0 = Release|Any CPU
	EndGlobalSection
	GlobalSection(SolutionProperties) = preSolution
		HideSolutionNode = FALSE
	EndGlobalSection
	GlobalSection(ExtensibilityGlobals) = postSolution
		SolutionGuid = {EE0775C6-35E2-44B3-A273-B8867A0ABAB9}
	EndGlobalSection
EndGlobal
