
Microsoft Visual Studio Solution File, Format Version 12.00
# Visual Studio Version 17
VisualStudioVersion = 17.5.33516.290
MinimumVisualStudioVersion = 10.0.40219.1
Project("{FAE04EC0-301F-11D3-BF4B-00C04F79EFBC}") = "AutoMapperLearn", "AutoMapperLearn\AutoMapperLearn.csproj", "{3C0FE6F9-8966-4FD7-8E2F-E2AD0B3F9B1F}"
EndProject
Global
	GlobalSection(SolutionConfigurationPlatforms) = preSolution
		Debug|Any CPU = Debug|Any CPU
		Release|Any CPU = Release|Any CPU
	EndGlobalSection
	GlobalSection(ProjectConfigurationPlatforms) = postSolution
		{3C0FE6F9-8966-4FD7-8E2F-E2AD0B3F9B1F}.Debug|Any CPU.ActiveCfg = Debug|Any CPU
		{3C0FE6F9-8966-4FD7-8E2F-E2AD0B3F9B1F}.Debug|Any CPU.Build.0 = Debug|Any CPU
		{3C0FE6F9-8966-4FD7-8E2F-E2AD0B3F9B1F}.Release|Any CPU.ActiveCfg = Release|Any CPU
		{3C0FE6F9-8966-4FD7-8E2F-E2AD0B3F9B1F}.Release|Any CPU.Build.0 = Release|Any CPU
	EndGlobalSection
	GlobalSection(SolutionProperties) = preSolution
		HideSolutionNode = FALSE
	EndGlobalSection
	GlobalSection(ExtensibilityGlobals) = postSolution
		SolutionGuid = {7E37B699-9319-4706-86FC-E0B145A3A2CB}
	EndGlobalSection
EndGlobal
