
Microsoft Visual Studio Solution File, Format Version 12.00
# Visual Studio Version 17
VisualStudioVersion = 17.4.33103.184
MinimumVisualStudioVersion = 10.0.40219.1
Project("{FAE04EC0-301F-11D3-BF4B-00C04F79EFBC}") = "BasicFileOperations", "BasicFileOperations.csproj", "{9488900C-7D84-41BA-8ADC-7E473AD74876}"
EndProject
Global
	GlobalSection(SolutionConfigurationPlatforms) = preSolution
		Debug|Any CPU = Debug|Any CPU
		Release|Any CPU = Release|Any CPU
	EndGlobalSection
	GlobalSection(ProjectConfigurationPlatforms) = postSolution
		{9488900C-7D84-41BA-8ADC-7E473AD74876}.Debug|Any CPU.ActiveCfg = Debug|Any CPU
		{9488900C-7D84-41BA-8ADC-7E473AD74876}.Debug|Any CPU.Build.0 = Debug|Any CPU
		{9488900C-7D84-41BA-8ADC-7E473AD74876}.Release|Any CPU.ActiveCfg = Release|Any CPU
		{9488900C-7D84-41BA-8ADC-7E473AD74876}.Release|Any CPU.Build.0 = Release|Any CPU
	EndGlobalSection
	GlobalSection(SolutionProperties) = preSolution
		HideSolutionNode = FALSE
	EndGlobalSection
	GlobalSection(ExtensibilityGlobals) = postSolution
		SolutionGuid = {7075B564-71CB-433E-AE1F-3F811DA8BD66}
	EndGlobalSection
EndGlobal
