
Microsoft Visual Studio Solution File, Format Version 12.00
# Visual Studio Version 17
VisualStudioVersion = 17.5.33414.496
MinimumVisualStudioVersion = 10.0.40219.1
Project("{FAE04EC0-301F-11D3-BF4B-00C04F79EFBC}") = "SpectreLearn", "SpectreLearn\SpectreLearn.csproj", "{4CBDE810-089C-4E86-9101-6DEB65430F5C}"
EndProject
Global
	GlobalSection(SolutionConfigurationPlatforms) = preSolution
		Debug|Any CPU = Debug|Any CPU
		Release|Any CPU = Release|Any CPU
	EndGlobalSection
	GlobalSection(ProjectConfigurationPlatforms) = postSolution
		{4CBDE810-089C-4E86-9101-6DEB65430F5C}.Debug|Any CPU.ActiveCfg = Debug|Any CPU
		{4CBDE810-089C-4E86-9101-6DEB65430F5C}.Debug|Any CPU.Build.0 = Debug|Any CPU
		{4CBDE810-089C-4E86-9101-6DEB65430F5C}.Release|Any CPU.ActiveCfg = Release|Any CPU
		{4CBDE810-089C-4E86-9101-6DEB65430F5C}.Release|Any CPU.Build.0 = Release|Any CPU
	EndGlobalSection
	GlobalSection(SolutionProperties) = preSolution
		HideSolutionNode = FALSE
	EndGlobalSection
	GlobalSection(ExtensibilityGlobals) = postSolution
		SolutionGuid = {AAF325C3-E126-468B-BF67-34ECC97041EB}
	EndGlobalSection
EndGlobal
