
Microsoft Visual Studio Solution File, Format Version 12.00
# Visual Studio Version 16
VisualStudioVersion = 16.0.32802.440
MinimumVisualStudioVersion = 10.0.40219.1
Project("{FAE04EC0-301F-11D3-BF4B-00C04F79EFBC}") = "HelloWorldAPP", "HelloWorldAPP.csproj", "{D0DFE786-1F59-4823-9262-52CA9154D303}"
EndProject
Global
	GlobalSection(SolutionConfigurationPlatforms) = preSolution
		Debug|Any CPU = Debug|Any CPU
		Release|Any CPU = Release|Any CPU
	EndGlobalSection
	GlobalSection(ProjectConfigurationPlatforms) = postSolution
		{D0DFE786-1F59-4823-9262-52CA9154D303}.Debug|Any CPU.ActiveCfg = Debug|Any CPU
		{D0DFE786-1F59-4823-9262-52CA9154D303}.Debug|Any CPU.Build.0 = Debug|Any CPU
		{D0DFE786-1F59-4823-9262-52CA9154D303}.Release|Any CPU.ActiveCfg = Release|Any CPU
		{D0DFE786-1F59-4823-9262-52CA9154D303}.Release|Any CPU.Build.0 = Release|Any CPU
	EndGlobalSection
	GlobalSection(SolutionProperties) = preSolution
		HideSolutionNode = FALSE
	EndGlobalSection
	GlobalSection(ExtensibilityGlobals) = postSolution
		SolutionGuid = {C4D87F7C-B4A2-455E-A604-FB9D7C703FD0}
	EndGlobalSection
EndGlobal
