
Microsoft Visual Studio Solution File, Format Version 12.00
# Visual Studio Version 17
VisualStudioVersion = 17.4.33103.184
MinimumVisualStudioVersion = 10.0.40219.1
Project("{FAE04EC0-301F-11D3-BF4B-00C04F79EFBC}") = "GenericCollections", "GenericCollections.csproj", "{307B6AC3-3223-4324-BB9B-6E9992A796AB}"
EndProject
Global
	GlobalSection(SolutionConfigurationPlatforms) = preSolution
		Debug|Any CPU = Debug|Any CPU
		Release|Any CPU = Release|Any CPU
	EndGlobalSection
	GlobalSection(ProjectConfigurationPlatforms) = postSolution
		{307B6AC3-3223-4324-BB9B-6E9992A796AB}.Debug|Any CPU.ActiveCfg = Debug|Any CPU
		{307B6AC3-3223-4324-BB9B-6E9992A796AB}.Debug|Any CPU.Build.0 = Debug|Any CPU
		{307B6AC3-3223-4324-BB9B-6E9992A796AB}.Release|Any CPU.ActiveCfg = Release|Any CPU
		{307B6AC3-3223-4324-BB9B-6E9992A796AB}.Release|Any CPU.Build.0 = Release|Any CPU
	EndGlobalSection
	GlobalSection(SolutionProperties) = preSolution
		HideSolutionNode = FALSE
	EndGlobalSection
	GlobalSection(ExtensibilityGlobals) = postSolution
		SolutionGuid = {45780CEB-6026-41BB-A193-3E0137B04008}
	EndGlobalSection
EndGlobal
