
Microsoft Visual Studio Solution File, Format Version 12.00
# Visual Studio Version 16
VisualStudioVersion = 16.0.32802.440
MinimumVisualStudioVersion = 10.0.40219.1
Project("{FAE04EC0-301F-11D3-BF4B-00C04F79EFBC}") = "QuickDate", "QuickDate\QuickDate.csproj", "{0B95F7D0-AC58-42F6-92E8-86CE2C412D23}"
EndProject
Project("{FAE04EC0-301F-11D3-BF4B-00C04F79EFBC}") = "QuickTest", "QuickTest\QuickTest.csproj", "{C82F2C9D-21DD-4423-AC93-A3F55B1CFCB9}"
EndProject
Global
	GlobalSection(SolutionConfigurationPlatforms) = preSolution
		Debug|Any CPU = Debug|Any CPU
		Release|Any CPU = Release|Any CPU
	EndGlobalSection
	GlobalSection(ProjectConfigurationPlatforms) = postSolution
		{0B95F7D0-AC58-42F6-92E8-86CE2C412D23}.Debug|Any CPU.ActiveCfg = Debug|Any CPU
		{0B95F7D0-AC58-42F6-92E8-86CE2C412D23}.Debug|Any CPU.Build.0 = Debug|Any CPU
		{0B95F7D0-AC58-42F6-92E8-86CE2C412D23}.Release|Any CPU.ActiveCfg = Release|Any CPU
		{0B95F7D0-AC58-42F6-92E8-86CE2C412D23}.Release|Any CPU.Build.0 = Release|Any CPU
		{C82F2C9D-21DD-4423-AC93-A3F55B1CFCB9}.Debug|Any CPU.ActiveCfg = Debug|Any CPU
		{C82F2C9D-21DD-4423-AC93-A3F55B1CFCB9}.Debug|Any CPU.Build.0 = Debug|Any CPU
		{C82F2C9D-21DD-4423-AC93-A3F55B1CFCB9}.Release|Any CPU.ActiveCfg = Release|Any CPU
		{C82F2C9D-21DD-4423-AC93-A3F55B1CFCB9}.Release|Any CPU.Build.0 = Release|Any CPU
	EndGlobalSection
	GlobalSection(SolutionProperties) = preSolution
		HideSolutionNode = FALSE
	EndGlobalSection
	GlobalSection(ExtensibilityGlobals) = postSolution
		SolutionGuid = {54E61282-FDCC-4606-8214-B19E75470B53}
	EndGlobalSection
EndGlobal
