
Microsoft Visual Studio Solution File, Format Version 12.00
# Visual Studio Version 17
VisualStudioVersion = 17.4.33103.184
MinimumVisualStudioVersion = 10.0.40219.1
Project("{FAE04EC0-301F-11D3-BF4B-00C04F79EFBC}") = "ConstructorDestructor", "ConstructorDestructor.csproj", "{C452055D-1B84-4658-A8C7-3643584384E8}"
EndProject
Global
	GlobalSection(SolutionConfigurationPlatforms) = preSolution
		Debug|Any CPU = Debug|Any CPU
		Release|Any CPU = Release|Any CPU
	EndGlobalSection
	GlobalSection(ProjectConfigurationPlatforms) = postSolution
		{C452055D-1B84-4658-A8C7-3643584384E8}.Debug|Any CPU.ActiveCfg = Debug|Any CPU
		{C452055D-1B84-4658-A8C7-3643584384E8}.Debug|Any CPU.Build.0 = Debug|Any CPU
		{C452055D-1B84-4658-A8C7-3643584384E8}.Release|Any CPU.ActiveCfg = Release|Any CPU
		{C452055D-1B84-4658-A8C7-3643584384E8}.Release|Any CPU.Build.0 = Release|Any CPU
	EndGlobalSection
	GlobalSection(SolutionProperties) = preSolution
		HideSolutionNode = FALSE
	EndGlobalSection
	GlobalSection(ExtensibilityGlobals) = postSolution
		SolutionGuid = {CF1F1BE0-AE05-43D9-8532-66F22D387F29}
	EndGlobalSection
EndGlobal
