
Microsoft Visual Studio Solution File, Format Version 12.00
# Visual Studio Version 17
VisualStudioVersion = 17.4.33103.184
MinimumVisualStudioVersion = 10.0.40219.1
Project("{9A19103F-16F7-4668-BE54-9A1E7A4F7556}") = "InterfaceDemo", "InterfaceDemo.csproj", "{C0F2B132-F82D-4A94-9FE5-0B8460CAE3AA}"
EndProject
Global
	GlobalSection(SolutionConfigurationPlatforms) = preSolution
		Debug|Any CPU = Debug|Any CPU
		Release|Any CPU = Release|Any CPU
	EndGlobalSection
	GlobalSection(ProjectConfigurationPlatforms) = postSolution
		{C0F2B132-F82D-4A94-9FE5-0B8460CAE3AA}.Debug|Any CPU.ActiveCfg = Debug|Any CPU
		{C0F2B132-F82D-4A94-9FE5-0B8460CAE3AA}.Debug|Any CPU.Build.0 = Debug|Any CPU
		{C0F2B132-F82D-4A94-9FE5-0B8460CAE3AA}.Release|Any CPU.ActiveCfg = Release|Any CPU
		{C0F2B132-F82D-4A94-9FE5-0B8460CAE3AA}.Release|Any CPU.Build.0 = Release|Any CPU
	EndGlobalSection
	GlobalSection(SolutionProperties) = preSolution
		HideSolutionNode = FALSE
	EndGlobalSection
	GlobalSection(ExtensibilityGlobals) = postSolution
		SolutionGuid = {4FFF6B6A-875D-45CD-94B1-7EC30DB7A4FD}
	EndGlobalSection
EndGlobal
