
Microsoft Visual Studio Solution File, Format Version 12.00
# Visual Studio Version 17
VisualStudioVersion = 17.5.33414.496
MinimumVisualStudioVersion = 10.0.40219.1
Project("{FAE04EC0-301F-11D3-BF4B-00C04F79EFBC}") = "CacheLearn", "CacheLearn\CacheLearn.csproj", "{3B5A3C72-EB89-4225-BD56-6B7080E48FBA}"
EndProject
Global
	GlobalSection(SolutionConfigurationPlatforms) = preSolution
		Debug|Any CPU = Debug|Any CPU
		Release|Any CPU = Release|Any CPU
	EndGlobalSection
	GlobalSection(ProjectConfigurationPlatforms) = postSolution
		{3B5A3C72-EB89-4225-BD56-6B7080E48FBA}.Debug|Any CPU.ActiveCfg = Debug|Any CPU
		{3B5A3C72-EB89-4225-BD56-6B7080E48FBA}.Debug|Any CPU.Build.0 = Debug|Any CPU
		{3B5A3C72-EB89-4225-BD56-6B7080E48FBA}.Release|Any CPU.ActiveCfg = Release|Any CPU
		{3B5A3C72-EB89-4225-BD56-6B7080E48FBA}.Release|Any CPU.Build.0 = Release|Any CPU
	EndGlobalSection
	GlobalSection(SolutionProperties) = preSolution
		HideSolutionNode = FALSE
	EndGlobalSection
	GlobalSection(ExtensibilityGlobals) = postSolution
		SolutionGuid = {34DA3016-6C89-4BAB-8FF3-BAD1453F71EA}
	EndGlobalSection
EndGlobal
