
Microsoft Visual Studio Solution File, Format Version 12.00
# Visual Studio Version 17
VisualStudioVersion = 17.3.32929.385
MinimumVisualStudioVersion = 10.0.40219.1
Project("{FAE04EC0-301F-11D3-BF4B-00C04F79EFBC}") = "ClassDemo", "ClassDemo.csproj", "{9AEF4491-AE22-4187-9770-6849EB038692}"
EndProject
Global
	GlobalSection(SolutionConfigurationPlatforms) = preSolution
		Debug|Any CPU = Debug|Any CPU
		Release|Any CPU = Release|Any CPU
	EndGlobalSection
	GlobalSection(ProjectConfigurationPlatforms) = postSolution
		{9AEF4491-AE22-4187-9770-6849EB038692}.Debug|Any CPU.ActiveCfg = Debug|Any CPU
		{9AEF4491-AE22-4187-9770-6849EB038692}.Debug|Any CPU.Build.0 = Debug|Any CPU
		{9AEF4491-AE22-4187-9770-6849EB038692}.Release|Any CPU.ActiveCfg = Release|Any CPU
		{9AEF4491-AE22-4187-9770-6849EB038692}.Release|Any CPU.Build.0 = Release|Any CPU
	EndGlobalSection
	GlobalSection(SolutionProperties) = preSolution
		HideSolutionNode = FALSE
	EndGlobalSection
	GlobalSection(ExtensibilityGlobals) = postSolution
		SolutionGuid = {6B45CF57-9DCC-4947-96B4-09E0517127CB}
	EndGlobalSection
EndGlobal
