
Microsoft Visual Studio Solution File, Format Version 12.00
# Visual Studio Version 17
VisualStudioVersion = 17.4.33122.133
MinimumVisualStudioVersion = 10.0.40219.1
Project("{9A19103F-16F7-4668-BE54-9A1E7A4F7556}") = "WebAPILearn", "WebAPILearn\WebAPILearn.csproj", "{34CFFEC6-30D7-4EDE-BCE5-69D98542EBEC}"
EndProject
Project("{FAE04EC0-301F-11D3-BF4B-00C04F79EFBC}") = "WebAPILearn.Models", "WebAPILearn.Models\WebAPILearn.Models.csproj", "{77D22A74-9361-4861-AD93-1A6C6E203BC4}"
EndProject
Project("{FAE04EC0-301F-11D3-BF4B-00C04F79EFBC}") = "WebAPILearn.Repositories", "WebAPILearn.Repository\WebAPILearn.Repositories.csproj", "{BC3A6370-1A8E-442C-BB0C-CFC3D17888F1}"
EndProject
Global
	GlobalSection(SolutionConfigurationPlatforms) = preSolution
		Debug|Any CPU = Debug|Any CPU
		Release|Any CPU = Release|Any CPU
	EndGlobalSection
	GlobalSection(ProjectConfigurationPlatforms) = postSolution
		{34CFFEC6-30D7-4EDE-BCE5-69D98542EBEC}.Debug|Any CPU.ActiveCfg = Debug|Any CPU
		{34CFFEC6-30D7-4EDE-BCE5-69D98542EBEC}.Debug|Any CPU.Build.0 = Debug|Any CPU
		{34CFFEC6-30D7-4EDE-BCE5-69D98542EBEC}.Release|Any CPU.ActiveCfg = Release|Any CPU
		{34CFFEC6-30D7-4EDE-BCE5-69D98542EBEC}.Release|Any CPU.Build.0 = Release|Any CPU
		{77D22A74-9361-4861-AD93-1A6C6E203BC4}.Debug|Any CPU.ActiveCfg = Debug|Any CPU
		{77D22A74-9361-4861-AD93-1A6C6E203BC4}.Debug|Any CPU.Build.0 = Debug|Any CPU
		{77D22A74-9361-4861-AD93-1A6C6E203BC4}.Release|Any CPU.ActiveCfg = Release|Any CPU
		{77D22A74-9361-4861-AD93-1A6C6E203BC4}.Release|Any CPU.Build.0 = Release|Any CPU
		{BC3A6370-1A8E-442C-BB0C-CFC3D17888F1}.Debug|Any CPU.ActiveCfg = Debug|Any CPU
		{BC3A6370-1A8E-442C-BB0C-CFC3D17888F1}.Debug|Any CPU.Build.0 = Debug|Any CPU
		{BC3A6370-1A8E-442C-BB0C-CFC3D17888F1}.Release|Any CPU.ActiveCfg = Release|Any CPU
		{BC3A6370-1A8E-442C-BB0C-CFC3D17888F1}.Release|Any CPU.Build.0 = Release|Any CPU
	EndGlobalSection
	GlobalSection(SolutionProperties) = preSolution
		HideSolutionNode = FALSE
	EndGlobalSection
	GlobalSection(ExtensibilityGlobals) = postSolution
		SolutionGuid = {51A4F570-547B-46C3-97B4-689886023578}
	EndGlobalSection
EndGlobal
