
Microsoft Visual Studio Solution File, Format Version 12.00
# Visual Studio Version 17
VisualStudioVersion = 17.7.34018.315
MinimumVisualStudioVersion = 10.0.40219.1
Project("{FAE04EC0-301F-11D3-BF4B-00C04F79EFBC}") = "CollectionLiteralLearn", "CollectionLiteralLearn\CollectionLiteralLearn.csproj", "{8C1FB42B-7AF9-4028-8B36-1FE0B2C34E29}"
EndProject
Global
	GlobalSection(SolutionConfigurationPlatforms) = preSolution
		Debug|Any CPU = Debug|Any CPU
		Release|Any CPU = Release|Any CPU
	EndGlobalSection
	GlobalSection(ProjectConfigurationPlatforms) = postSolution
		{8C1FB42B-7AF9-4028-8B36-1FE0B2C34E29}.Debug|Any CPU.ActiveCfg = Debug|Any CPU
		{8C1FB42B-7AF9-4028-8B36-1FE0B2C34E29}.Debug|Any CPU.Build.0 = Debug|Any CPU
		{8C1FB42B-7AF9-4028-8B36-1FE0B2C34E29}.Release|Any CPU.ActiveCfg = Release|Any CPU
		{8C1FB42B-7AF9-4028-8B36-1FE0B2C34E29}.Release|Any CPU.Build.0 = Release|Any CPU
	EndGlobalSection
	GlobalSection(SolutionProperties) = preSolution
		HideSolutionNode = FALSE
	EndGlobalSection
	GlobalSection(ExtensibilityGlobals) = postSolution
		SolutionGuid = {C6EC7C91-DD50-4AE2-B49A-75FA8C8C21CF}
	EndGlobalSection
EndGlobal
