
Microsoft Visual Studio Solution File, Format Version 12.00
# Visual Studio Version 16
VisualStudioVersion = 16.0.32901.82
MinimumVisualStudioVersion = 10.0.40219.1
Project("{FAE04EC0-301F-11D3-BF4B-00C04F79EFBC}") = "MethodDeclarationCalling", "MethodDeclarationCalling.csproj", "{4EE85910-B451-4CAD-BBC5-8190C47EAB68}"
EndProject
Global
	GlobalSection(SolutionConfigurationPlatforms) = preSolution
		Debug|Any CPU = Debug|Any CPU
		Release|Any CPU = Release|Any CPU
	EndGlobalSection
	GlobalSection(ProjectConfigurationPlatforms) = postSolution
		{4EE85910-B451-4CAD-BBC5-8190C47EAB68}.Debug|Any CPU.ActiveCfg = Debug|Any CPU
		{4EE85910-B451-4CAD-BBC5-8190C47EAB68}.Debug|Any CPU.Build.0 = Debug|Any CPU
		{4EE85910-B451-4CAD-BBC5-8190C47EAB68}.Release|Any CPU.ActiveCfg = Release|Any CPU
		{4EE85910-B451-4CAD-BBC5-8190C47EAB68}.Release|Any CPU.Build.0 = Release|Any CPU
	EndGlobalSection
	GlobalSection(SolutionProperties) = preSolution
		HideSolutionNode = FALSE
	EndGlobalSection
	GlobalSection(ExtensibilityGlobals) = postSolution
		SolutionGuid = {4D53558E-DF2D-42E4-9B48-68E248D47BF0}
	EndGlobalSection
EndGlobal
