
Microsoft Visual Studio Solution File, Format Version 12.00
# Visual Studio Version 17
VisualStudioVersion = 17.4.33103.184
MinimumVisualStudioVersion = 10.0.40219.1
Project("{FAE04EC0-301F-11D3-BF4B-00C04F79EFBC}") = "EventsAndDelegates", "EventsAndDelegates.csproj", "{EB7AFCC2-7B38-43C1-B93F-204FA008EBCA}"
EndProject
Global
	GlobalSection(SolutionConfigurationPlatforms) = preSolution
		Debug|Any CPU = Debug|Any CPU
		Release|Any CPU = Release|Any CPU
	EndGlobalSection
	GlobalSection(ProjectConfigurationPlatforms) = postSolution
		{EB7AFCC2-7B38-43C1-B93F-204FA008EBCA}.Debug|Any CPU.ActiveCfg = Debug|Any CPU
		{EB7AFCC2-7B38-43C1-B93F-204FA008EBCA}.Debug|Any CPU.Build.0 = Debug|Any CPU
		{EB7AFCC2-7B38-43C1-B93F-204FA008EBCA}.Release|Any CPU.ActiveCfg = Release|Any CPU
		{EB7AFCC2-7B38-43C1-B93F-204FA008EBCA}.Release|Any CPU.Build.0 = Release|Any CPU
	EndGlobalSection
	GlobalSection(SolutionProperties) = preSolution
		HideSolutionNode = FALSE
	EndGlobalSection
	GlobalSection(ExtensibilityGlobals) = postSolution
		SolutionGuid = {898E3BC5-2F68-4ED2-8335-138487396D82}
	EndGlobalSection
EndGlobal
