
Microsoft Visual Studio Solution File, Format Version 12.00
# Visual Studio Version 17
VisualStudioVersion = 17.3.32929.385
MinimumVisualStudioVersion = 10.0.40219.1
Project("{FAE04EC0-301F-11D3-BF4B-00C04F79EFBC}") = "CreatingAndAddingReferenceToAssemblies", "CreatingAndAddingReferenceToAssemblies\CreatingAndAddingReferenceToAssemblies.csproj", "{7CABE421-D328-410D-AAA2-6443211298EB}"
EndProject
Project("{FAE04EC0-301F-11D3-BF4B-00C04F79EFBC}") = "InternalClassLibrary", "InternalClassLibrary\InternalClassLibrary.csproj", "{3E10CDE0-5969-495A-8AA8-231D94D4AACC}"
EndProject
Global
	GlobalSection(SolutionConfigurationPlatforms) = preSolution
		Debug|Any CPU = Debug|Any CPU
		Release|Any CPU = Release|Any CPU
	EndGlobalSection
	GlobalSection(ProjectConfigurationPlatforms) = postSolution
		{7CABE421-D328-410D-AAA2-6443211298EB}.Debug|Any CPU.ActiveCfg = Debug|Any CPU
		{7CABE421-D328-410D-AAA2-6443211298EB}.Debug|Any CPU.Build.0 = Debug|Any CPU
		{7CABE421-D328-410D-AAA2-6443211298EB}.Release|Any CPU.ActiveCfg = Release|Any CPU
		{7CABE421-D328-410D-AAA2-6443211298EB}.Release|Any CPU.Build.0 = Release|Any CPU
		{3E10CDE0-5969-495A-8AA8-231D94D4AACC}.Debug|Any CPU.ActiveCfg = Debug|Any CPU
		{3E10CDE0-5969-495A-8AA8-231D94D4AACC}.Debug|Any CPU.Build.0 = Debug|Any CPU
		{3E10CDE0-5969-495A-8AA8-231D94D4AACC}.Release|Any CPU.ActiveCfg = Release|Any CPU
		{3E10CDE0-5969-495A-8AA8-231D94D4AACC}.Release|Any CPU.Build.0 = Release|Any CPU
	EndGlobalSection
	GlobalSection(SolutionProperties) = preSolution
		HideSolutionNode = FALSE
	EndGlobalSection
	GlobalSection(ExtensibilityGlobals) = postSolution
		SolutionGuid = {77F007D1-3472-4747-92A6-54BD7ECA9080}
	EndGlobalSection
EndGlobal
